
Microsoft Visual Studio Solution File, Format Version 12.00
# Visual Studio Version 16
VisualStudioVersion = 16.0.30002.166
MinimumVisualStudioVersion = 10.0.40219.1
Project("{FAE04EC0-301F-11D3-BF4B-00C04F79EFBC}") = "PersistentLock", "PersistentLock\PersistentLock.csproj", "{23B68C0C-F0A6-457C-9896-653AE9090E67}"
EndProject
Global
	GlobalSection(SolutionConfigurationPlatforms) = preSolution
		Debug|Any CPU = Debug|Any CPU
		Release|Any CPU = Release|Any CPU
	EndGlobalSection
	GlobalSection(ProjectConfigurationPlatforms) = postSolution
		{23B68C0C-F0A6-457C-9896-653AE9090E67}.Debug|Any CPU.ActiveCfg = Debug|Any CPU
		{23B68C0C-F0A6-457C-9896-653AE9090E67}.Debug|Any CPU.Build.0 = Debug|Any CPU
		{23B68C0C-F0A6-457C-9896-653AE9090E67}.Release|Any CPU.ActiveCfg = Release|Any CPU
		{23B68C0C-F0A6-457C-9896-653AE9090E67}.Release|Any CPU.Build.0 = Release|Any CPU
	EndGlobalSection
	GlobalSection(SolutionProperties) = preSolution
		HideSolutionNode = FALSE
	EndGlobalSection
	GlobalSection(ExtensibilityGlobals) = postSolution
		SolutionGuid = {99188652-50BE-4886-9203-5D8B62809E84}
	EndGlobalSection
EndGlobal
